
Microsoft Visual Studio Solution File, Format Version 12.00
# Visual Studio Version 17
VisualStudioVersion = 17.5.002.0
MinimumVisualStudioVersion = 10.0.40219.1
Project("{2150E333-8FDC-42A3-9474-1A3956D46DE8}") = "csharp-prep", "csharp-prep", "{647DE0D6-A964-4E7D-80E0-9D1107CC87F5}"
EndProject
Project("{9A19103F-16F7-4668-BE54-9A1E7A4F7556}") = "Prep1", "csharp-prep\Prep1\Prep1.csproj", "{C0F8EE85-B367-4749-8583-D4248BCE979B}"
EndProject
Project("{9A19103F-16F7-4668-BE54-9A1E7A4F7556}") = "Prep2", "csharp-prep\Prep2\Prep2.csproj", "{24702102-E709-415A-982E-358AF2806D54}"
EndProject
Project("{9A19103F-16F7-4668-BE54-9A1E7A4F7556}") = "Prep3", "csharp-prep\Prep3\Prep3.csproj", "{2167FF51-D66B-48CB-8418-8FE5FF94E727}"
EndProject
Project("{9A19103F-16F7-4668-BE54-9A1E7A4F7556}") = "Prep4", "csharp-prep\Prep4\Prep4.csproj", "{9B1D200E-3D31-4CE1-A1F4-E862B15E5447}"
EndProject
Project("{9A19103F-16F7-4668-BE54-9A1E7A4F7556}") = "Prep5", "csharp-prep\Prep5\Prep5.csproj", "{EA22C51A-3386-4939-AEB8-A5C2B76A1CDC}"
EndProject
Project("{2150E333-8FDC-42A3-9474-1A3956D46DE8}") = "final", "final", "{C8CDE9FC-F1B7-4E3C-B438-6852C2F7E8E9}"
EndProject
Project("{9A19103F-16F7-4668-BE54-9A1E7A4F7556}") = "FinalProject", "final\FinalProject\FinalProject.csproj", "{F9E0EAEB-07F3-4339-8F65-538449C0C6EF}"
EndProject
Project("{9A19103F-16F7-4668-BE54-9A1E7A4F7556}") = "Foundation1", "final\Foundation1\Foundation1.csproj", "{A1FC9580-4BA7-41A9-BDA9-6C146F6BC5F9}"
EndProject
Project("{9A19103F-16F7-4668-BE54-9A1E7A4F7556}") = "Foundation2", "final\Foundation2\Foundation2.csproj", "{A666B0DB-3E20-4775-840C-093C82F7CAEA}"
EndProject
Project("{9A19103F-16F7-4668-BE54-9A1E7A4F7556}") = "Foundation3", "final\Foundation3\Foundation3.csproj", "{83D5306A-52DC-43A2-B0F9-C7F3E8182D10}"
EndProject
Project("{9A19103F-16F7-4668-BE54-9A1E7A4F7556}") = "Foundation4", "final\Foundation4\Foundation4.csproj", "{3283B8CF-9840-4846-9EF4-9B6F602BE046}"
EndProject
Project("{2150E333-8FDC-42A3-9474-1A3956D46DE8}") = "prepare", "prepare", "{7EFAC331-259D-4B80-8DD3-1EE1F31641BE}"
EndProject
Project("{9A19103F-16F7-4668-BE54-9A1E7A4F7556}") = "Learning02", "prepare\Learning02\Learning02.csproj", "{00D627C7-0F88-4F25-8D0A-B89ABBCCDF24}"
EndProject
Project("{9A19103F-16F7-4668-BE54-9A1E7A4F7556}") = "Learning03", "prepare\Learning03\Learning03.csproj", "{8839E261-3ABF-4AA9-A397-E8DC4AA74BBD}"
EndProject
Project("{9A19103F-16F7-4668-BE54-9A1E7A4F7556}") = "Learning04", "prepare\Learning04\Learning04.csproj", "{326A27AC-71D8-4B1D-AF62-A4B31526EA61}"
EndProject
Project("{9A19103F-16F7-4668-BE54-9A1E7A4F7556}") = "Learning05", "prepare\Learning05\Learning05.csproj", "{8A4E5E9B-D95E-4B16-83BB-36E3A16E5317}"
EndProject
Project("{2150E333-8FDC-42A3-9474-1A3956D46DE8}") = "prove", "prove", "{9C1DED40-8C6B-498D-8498-91B894B41966}"
EndProject
Project("{9A19103F-16F7-4668-BE54-9A1E7A4F7556}") = "Develop02", "prove\Develop02\Develop02.csproj", "{9FF2FA96-E2B2-47B2-96D8-5B0F10DE934E}"
EndProject
Project("{9A19103F-16F7-4668-BE54-9A1E7A4F7556}") = "Develop03", "prove\Develop03\Develop03.csproj", "{135FC4C5-7022-4070-8EE9-F1A12D695989}"
EndProject
Project("{9A19103F-16F7-4668-BE54-9A1E7A4F7556}") = "Develop04", "prove\Develop04\Develop04.csproj", "{A991E895-A0CC-4CB1-B175-14F6E2F47704}"
EndProject
Project("{9A19103F-16F7-4668-BE54-9A1E7A4F7556}") = "Develop05", "prove\Develop05\Develop05.csproj", "{5D66AEBB-8121-4574-B760-9F74996031BB}"
EndProject
Project("{2150E333-8FDC-42A3-9474-1A3956D46DE8}") = "sandbox", "sandbox", "{297F32A3-D2AA-4F11-98A3-282115BD2CAC}"
EndProject
Project("{9A19103F-16F7-4668-BE54-9A1E7A4F7556}") = "Sandbox", "sandbox\Sandbox\Sandbox.csproj", "{7587C614-8B95-4F26-AC49-D89B02589EF2}"
EndProject
Global
	GlobalSection(SolutionConfigurationPlatforms) = preSolution
		Debug|Any CPU = Debug|Any CPU
		Release|Any CPU = Release|Any CPU
	EndGlobalSection
	GlobalSection(ProjectConfigurationPlatforms) = postSolution
		{C0F8EE85-B367-4749-8583-D4248BCE979B}.Debug|Any CPU.ActiveCfg = Debug|Any CPU
		{C0F8EE85-B367-4749-8583-D4248BCE979B}.Debug|Any CPU.Build.0 = Debug|Any CPU
		{C0F8EE85-B367-4749-8583-D4248BCE979B}.Release|Any CPU.ActiveCfg = Release|Any CPU
		{C0F8EE85-B367-4749-8583-D4248BCE979B}.Release|Any CPU.Build.0 = Release|Any CPU
		{24702102-E709-415A-982E-358AF2806D54}.Debug|Any CPU.ActiveCfg = Debug|Any CPU
		{24702102-E709-415A-982E-358AF2806D54}.Debug|Any CPU.Build.0 = Debug|Any CPU
		{24702102-E709-415A-982E-358AF2806D54}.Release|Any CPU.ActiveCfg = Release|Any CPU
		{24702102-E709-415A-982E-358AF2806D54}.Release|Any CPU.Build.0 = Release|Any CPU
		{2167FF51-D66B-48CB-8418-8FE5FF94E727}.Debug|Any CPU.ActiveCfg = Debug|Any CPU
		{2167FF51-D66B-48CB-8418-8FE5FF94E727}.Debug|Any CPU.Build.0 = Debug|Any CPU
		{2167FF51-D66B-48CB-8418-8FE5FF94E727}.Release|Any CPU.ActiveCfg = Release|Any CPU
		{2167FF51-D66B-48CB-8418-8FE5FF94E727}.Release|Any CPU.Build.0 = Release|Any CPU
		{9B1D200E-3D31-4CE1-A1F4-E862B15E5447}.Debug|Any CPU.ActiveCfg = Debug|Any CPU
		{9B1D200E-3D31-4CE1-A1F4-E862B15E5447}.Debug|Any CPU.Build.0 = Debug|Any CPU
		{9B1D200E-3D31-4CE1-A1F4-E862B15E5447}.Release|Any CPU.ActiveCfg = Release|Any CPU
		{9B1D200E-3D31-4CE1-A1F4-E862B15E5447}.Release|Any CPU.Build.0 = Release|Any CPU
		{EA22C51A-3386-4939-AEB8-A5C2B76A1CDC}.Debug|Any CPU.ActiveCfg = Debug|Any CPU
		{EA22C51A-3386-4939-AEB8-A5C2B76A1CDC}.Debug|Any CPU.Build.0 = Debug|Any CPU
		{EA22C51A-3386-4939-AEB8-A5C2B76A1CDC}.Release|Any CPU.ActiveCfg = Release|Any CPU
		{EA22C51A-3386-4939-AEB8-A5C2B76A1CDC}.Release|Any CPU.Build.0 = Release|Any CPU
		{F9E0EAEB-07F3-4339-8F65-538449C0C6EF}.Debug|Any CPU.ActiveCfg = Debug|Any CPU
		{F9E0EAEB-07F3-4339-8F65-538449C0C6EF}.Debug|Any CPU.Build.0 = Debug|Any CPU
		{F9E0EAEB-07F3-4339-8F65-538449C0C6EF}.Release|Any CPU.ActiveCfg = Release|Any CPU
		{F9E0EAEB-07F3-4339-8F65-538449C0C6EF}.Release|Any CPU.Build.0 = Release|Any CPU
		{A1FC9580-4BA7-41A9-BDA9-6C146F6BC5F9}.Debug|Any CPU.ActiveCfg = Debug|Any CPU
		{A1FC9580-4BA7-41A9-BDA9-6C146F6BC5F9}.Debug|Any CPU.Build.0 = Debug|Any CPU
		{A1FC9580-4BA7-41A9-BDA9-6C146F6BC5F9}.Release|Any CPU.ActiveCfg = Release|Any CPU
		{A1FC9580-4BA7-41A9-BDA9-6C146F6BC5F9}.Release|Any CPU.Build.0 = Release|Any CPU
		{A666B0DB-3E20-4775-840C-093C82F7CAEA}.Debug|Any CPU.ActiveCfg = Debug|Any CPU
		{A666B0DB-3E20-4775-840C-093C82F7CAEA}.Debug|Any CPU.Build.0 = Debug|Any CPU
		{A666B0DB-3E20-4775-840C-093C82F7CAEA}.Release|Any CPU.ActiveCfg = Release|Any CPU
		{A666B0DB-3E20-4775-840C-093C82F7CAEA}.Release|Any CPU.Build.0 = Release|Any CPU
		{83D5306A-52DC-43A2-B0F9-C7F3E8182D10}.Debug|Any CPU.ActiveCfg = Debug|Any CPU
		{83D5306A-52DC-43A2-B0F9-C7F3E8182D10}.Debug|Any CPU.Build.0 = Debug|Any CPU
		{83D5306A-52DC-43A2-B0F9-C7F3E8182D10}.Release|Any CPU.ActiveCfg = Release|Any CPU
		{83D5306A-52DC-43A2-B0F9-C7F3E8182D10}.Release|Any CPU.Build.0 = Release|Any CPU
		{3283B8CF-9840-4846-9EF4-9B6F602BE046}.Debug|Any CPU.ActiveCfg = Debug|Any CPU
		{3283B8CF-9840-4846-9EF4-9B6F602BE046}.Debug|Any CPU.Build.0 = Debug|Any CPU
		{3283B8CF-9840-4846-9EF4-9B6F602BE046}.Release|Any CPU.ActiveCfg = Release|Any CPU
		{3283B8CF-9840-4846-9EF4-9B6F602BE046}.Release|Any CPU.Build.0 = Release|Any CPU
		{00D627C7-0F88-4F25-8D0A-B89ABBCCDF24}.Debug|Any CPU.ActiveCfg = Debug|Any CPU
		{00D627C7-0F88-4F25-8D0A-B89ABBCCDF24}.Debug|Any CPU.Build.0 = Debug|Any CPU
		{00D627C7-0F88-4F25-8D0A-B89ABBCCDF24}.Release|Any CPU.ActiveCfg = Release|Any CPU
		{00D627C7-0F88-4F25-8D0A-B89ABBCCDF24}.Release|Any CPU.Build.0 = Release|Any CPU
		{8839E261-3ABF-4AA9-A397-E8DC4AA74BBD}.Debug|Any CPU.ActiveCfg = Debug|Any CPU
		{8839E261-3ABF-4AA9-A397-E8DC4AA74BBD}.Debug|Any CPU.Build.0 = Debug|Any CPU
		{8839E261-3ABF-4AA9-A397-E8DC4AA74BBD}.Release|Any CPU.ActiveCfg = Release|Any CPU
		{8839E261-3ABF-4AA9-A397-E8DC4AA74BBD}.Release|Any CPU.Build.0 = Release|Any CPU
		{326A27AC-71D8-4B1D-AF62-A4B31526EA61}.Debug|Any CPU.ActiveCfg = Debug|Any CPU
		{326A27AC-71D8-4B1D-AF62-A4B31526EA61}.Debug|Any CPU.Build.0 = Debug|Any CPU
		{326A27AC-71D8-4B1D-AF62-A4B31526EA61}.Release|Any CPU.ActiveCfg = Release|Any CPU
		{326A27AC-71D8-4B1D-AF62-A4B31526EA61}.Release|Any CPU.Build.0 = Release|Any CPU
		{8A4E5E9B-D95E-4B16-83BB-36E3A16E5317}.Debug|Any CPU.ActiveCfg = Debug|Any CPU
		{8A4E5E9B-D95E-4B16-83BB-36E3A16E5317}.Debug|Any CPU.Build.0 = Debug|Any CPU
		{8A4E5E9B-D95E-4B16-83BB-36E3A16E5317}.Release|Any CPU.ActiveCfg = Release|Any CPU
		{8A4E5E9B-D95E-4B16-83BB-36E3A16E5317}.Release|Any CPU.Build.0 = Release|Any CPU
		{9FF2FA96-E2B2-47B2-96D8-5B0F10DE934E}.Debug|Any CPU.ActiveCfg = Debug|Any CPU
		{9FF2FA96-E2B2-47B2-96D8-5B0F10DE934E}.Debug|Any CPU.Build.0 = Debug|Any CPU
		{9FF2FA96-E2B2-47B2-96D8-5B0F10DE934E}.Release|Any CPU.ActiveCfg = Release|Any CPU
		{9FF2FA96-E2B2-47B2-96D8-5B0F10DE934E}.Release|Any CPU.Build.0 = Release|Any CPU
		{135FC4C5-7022-4070-8EE9-F1A12D695989}.Debug|Any CPU.ActiveCfg = Debug|Any CPU
		{135FC4C5-7022-4070-8EE9-F1A12D695989}.Debug|Any CPU.Build.0 = Debug|Any CPU
		{135FC4C5-7022-4070-8EE9-F1A12D695989}.Release|Any CPU.ActiveCfg = Release|Any CPU
		{135FC4C5-7022-4070-8EE9-F1A12D695989}.Release|Any CPU.Build.0 = Release|Any CPU
		{A991E895-A0CC-4CB1-B175-14F6E2F47704}.Debug|Any CPU.ActiveCfg = Debug|Any CPU
		{A991E895-A0CC-4CB1-B175-14F6E2F47704}.Debug|Any CPU.Build.0 = Debug|Any CPU
		{A991E895-A0CC-4CB1-B175-14F6E2F47704}.Release|Any CPU.ActiveCfg = Release|Any CPU
		{A991E895-A0CC-4CB1-B175-14F6E2F47704}.Release|Any CPU.Build.0 = Release|Any CPU
		{5D66AEBB-8121-4574-B760-9F74996031BB}.Debug|Any CPU.ActiveCfg = Debug|Any CPU
		{5D66AEBB-8121-4574-B760-9F74996031BB}.Debug|Any CPU.Build.0 = Debug|Any CPU
		{5D66AEBB-8121-4574-B760-9F74996031BB}.Release|Any CPU.ActiveCfg = Release|Any CPU
		{5D66AEBB-8121-4574-B760-9F74996031BB}.Release|Any CPU.Build.0 = Release|Any CPU
		{7587C614-8B95-4F26-AC49-D89B02589EF2}.Debug|Any CPU.ActiveCfg = Debug|Any CPU
		{7587C614-8B95-4F26-AC49-D89B02589EF2}.Debug|Any CPU.Build.0 = Debug|Any CPU
		{7587C614-8B95-4F26-AC49-D89B02589EF2}.Release|Any CPU.ActiveCfg = Release|Any CPU
		{7587C614-8B95-4F26-AC49-D89B02589EF2}.Release|Any CPU.Build.0 = Release|Any CPU
	EndGlobalSection
	GlobalSection(SolutionProperties) = preSolution
		HideSolutionNode = FALSE
	EndGlobalSection
	GlobalSection(NestedProjects) = preSolution
		{C0F8EE85-B367-4749-8583-D4248BCE979B} = {647DE0D6-A964-4E7D-80E0-9D1107CC87F5}
		{24702102-E709-415A-982E-358AF2806D54} = {647DE0D6-A964-4E7D-80E0-9D1107CC87F5}
		{2167FF51-D66B-48CB-8418-8FE5FF94E727} = {647DE0D6-A964-4E7D-80E0-9D1107CC87F5}
		{9B1D200E-3D31-4CE1-A1F4-E862B15E5447} = {647DE0D6-A964-4E7D-80E0-9D1107CC87F5}
		{EA22C51A-3386-4939-AEB8-A5C2B76A1CDC} = {647DE0D6-A964-4E7D-80E0-9D1107CC87F5}
		{F9E0EAEB-07F3-4339-8F65-538449C0C6EF} = {C8CDE9FC-F1B7-4E3C-B438-6852C2F7E8E9}
		{A1FC9580-4BA7-41A9-BDA9-6C146F6BC5F9} = {C8CDE9FC-F1B7-4E3C-B438-6852C2F7E8E9}
		{A666B0DB-3E20-4775-840C-093C82F7CAEA} = {C8CDE9FC-F1B7-4E3C-B438-6852C2F7E8E9}
		{83D5306A-52DC-43A2-B0F9-C7F3E8182D10} = {C8CDE9FC-F1B7-4E3C-B438-6852C2F7E8E9}
		{3283B8CF-9840-4846-9EF4-9B6F602BE046} = {C8CDE9FC-F1B7-4E3C-B438-6852C2F7E8E9}
		{00D627C7-0F88-4F25-8D0A-B89ABBCCDF24} = {7EFAC331-259D-4B80-8DD3-1EE1F31641BE}
		{8839E261-3ABF-4AA9-A397-E8DC4AA74BBD} = {7EFAC331-259D-4B80-8DD3-1EE1F31641BE}
		{326A27AC-71D8-4B1D-AF62-A4B31526EA61} = {7EFAC331-259D-4B80-8DD3-1EE1F31641BE}
		{8A4E5E9B-D95E-4B16-83BB-36E3A16E5317} = {7EFAC331-259D-4B80-8DD3-1EE1F31641BE}
		{9FF2FA96-E2B2-47B2-96D8-5B0F10DE934E} = {9C1DED40-8C6B-498D-8498-91B894B41966}
		{135FC4C5-7022-4070-8EE9-F1A12D695989} = {9C1DED40-8C6B-498D-8498-91B894B41966}
		{A991E895-A0CC-4CB1-B175-14F6E2F47704} = {9C1DED40-8C6B-498D-8498-91B894B41966}
		{5D66AEBB-8121-4574-B760-9F74996031BB} = {9C1DED40-8C6B-498D-8498-91B894B41966}
		{7587C614-8B95-4F26-AC49-D89B02589EF2} = {297F32A3-D2AA-4F11-98A3-282115BD2CAC}
	EndGlobalSection
	GlobalSection(ExtensibilityGlobals) = postSolution
		SolutionGuid = {B4B29F4D-A54F-4F99-AE70-37CB23CA3498}
	EndGlobalSection
EndGlobal
